
Microsoft Visual Studio Solution File, Format Version 12.00
# Visual Studio 15
VisualStudioVersion = 15.0.28307.1500
MinimumVisualStudioVersion = 10.0.40219.1
Project("{FAE04EC0-301F-11D3-BF4B-00C04F79EFBC}") = "TownManger.Domain", "TownManger.Domain\TownManger.Domain.csproj", "{286F671E-1144-45B3-A1F4-9EDD37E55A35}"
EndProject
Project("{FAE04EC0-301F-11D3-BF4B-00C04F79EFBC}") = "TownMangerWebUI", "TownMangerWebUI\TownMangerWebUI.csproj", "{AC8B991F-2F65-4600-AB3A-7FD58E713632}"
EndProject
Global
	GlobalSection(SolutionConfigurationPlatforms) = preSolution
		Debug|Any CPU = Debug|Any CPU
		Release|Any CPU = Release|Any CPU
	EndGlobalSection
	GlobalSection(ProjectConfigurationPlatforms) = postSolution
		{286F671E-1144-45B3-A1F4-9EDD37E55A35}.Debug|Any CPU.ActiveCfg = Debug|Any CPU
		{286F671E-1144-45B3-A1F4-9EDD37E55A35}.Debug|Any CPU.Build.0 = Debug|Any CPU
		{286F671E-1144-45B3-A1F4-9EDD37E55A35}.Release|Any CPU.ActiveCfg = Release|Any CPU
		{286F671E-1144-45B3-A1F4-9EDD37E55A35}.Release|Any CPU.Build.0 = Release|Any CPU
		{AC8B991F-2F65-4600-AB3A-7FD58E713632}.Debug|Any CPU.ActiveCfg = Debug|Any CPU
		{AC8B991F-2F65-4600-AB3A-7FD58E713632}.Debug|Any CPU.Build.0 = Debug|Any CPU
		{AC8B991F-2F65-4600-AB3A-7FD58E713632}.Release|Any CPU.ActiveCfg = Release|Any CPU
		{AC8B991F-2F65-4600-AB3A-7FD58E713632}.Release|Any CPU.Build.0 = Release|Any CPU
	EndGlobalSection
	GlobalSection(SolutionProperties) = preSolution
		HideSolutionNode = FALSE
	EndGlobalSection
	GlobalSection(ExtensibilityGlobals) = postSolution
		SolutionGuid = {5D3037D4-75FE-49D1-976D-CDAD17603A15}
	EndGlobalSection
EndGlobal
